
Microsoft Visual Studio Solution File, Format Version 12.00
Project("{FAE04EC0-301F-11D3-BF4B-00C04F79EFBC}") = "ContactList", "ContactList.csproj", "{C21739E4-62FB-4BD3-B59D-72F67E8F1BBB}"
EndProject
Global
	GlobalSection(SolutionConfigurationPlatforms) = preSolution
		Debug|Any CPU = Debug|Any CPU
		Release|Any CPU = Release|Any CPU
	EndGlobalSection
	GlobalSection(ProjectConfigurationPlatforms) = postSolution
		{C21739E4-62FB-4BD3-B59D-72F67E8F1BBB}.Debug|Any CPU.ActiveCfg = Debug|Any CPU
		{C21739E4-62FB-4BD3-B59D-72F67E8F1BBB}.Debug|Any CPU.Build.0 = Debug|Any CPU
		{C21739E4-62FB-4BD3-B59D-72F67E8F1BBB}.Release|Any CPU.ActiveCfg = Release|Any CPU
		{C21739E4-62FB-4BD3-B59D-72F67E8F1BBB}.Release|Any CPU.Build.0 = Release|Any CPU
	EndGlobalSection
EndGlobal
